
Microsoft Visual Studio Solution File, Format Version 12.00
# Visual Studio Version 17
VisualStudioVersion = 17.0.31612.314
MinimumVisualStudioVersion = 10.0.40219.1
Project("{9A19103F-16F7-4668-BE54-9A1E7A4F7556}") = "WinCopies GUI", "WinCopies GUI\WinCopies GUI.csproj", "{6EC77368-67E8-419E-AA58-CD3E4B3752C9}"
EndProject
Global
	GlobalSection(SolutionConfigurationPlatforms) = preSolution
		Debug|Any CPU = Debug|Any CPU
		Release|Any CPU = Release|Any CPU
	EndGlobalSection
	GlobalSection(ProjectConfigurationPlatforms) = postSolution
		{6EC77368-67E8-419E-AA58-CD3E4B3752C9}.Debug|Any CPU.ActiveCfg = Debug|Any CPU
		{6EC77368-67E8-419E-AA58-CD3E4B3752C9}.Debug|Any CPU.Build.0 = Debug|Any CPU
		{6EC77368-67E8-419E-AA58-CD3E4B3752C9}.Release|Any CPU.ActiveCfg = Release|Any CPU
		{6EC77368-67E8-419E-AA58-CD3E4B3752C9}.Release|Any CPU.Build.0 = Release|Any CPU
	EndGlobalSection
	GlobalSection(SolutionProperties) = preSolution
		HideSolutionNode = FALSE
	EndGlobalSection
	GlobalSection(ExtensibilityGlobals) = postSolution
		SolutionGuid = {F84C4347-AAA3-4963-9F8F-48CF4374C588}
	EndGlobalSection
EndGlobal
